# THIS IS AN AUTOGENERATED FILE. DO NOT EDIT THIS FILE DIRECTLY.
# yarn lockfile v1


fs@^0.0.1-security:
  version "0.0.1-security"
  resolved "http://zuul.eurobank.efg.gr/nexus/repository/npm-group/fs/-/fs-0.0.1-security.tgz#8a7bd37186b6dddf3813f23858b57ecaaf5e41d4"
  integrity sha1-invTcYa23d84E/I4WLV+yq9eQdQ=

simplify-js@^1.2.3:
  version "1.2.3"
  resolved "http://zuul.eurobank.efg.gr/nexus/repository/npm-group/simplify-js/-/simplify-js-1.2.3.tgz#a3422c1b9884d60421345eb44d2b872662df27f5"
  integrity sha512-0IkEqs+5c5vROkHaifGfbqHf5tYDcsTBy6oJPRbFCSwp2uzEr+PpH3dNP7wD8O3d7zdUCjLVq1/xHkwA/JjlFA==
